
Microsoft Visual Studio Solution File, Format Version 12.00
# Visual Studio Version 17
VisualStudioVersion = 17.14.36327.8 d17.14
MinimumVisualStudioVersion = 10.0.40219.1
Project("{FAE04EC0-301F-11D3-BF4B-00C04F79EFBC}") = "Vertex", "Vertex.csproj", "{11857622-84CB-4151-A4F0-8B55D948C740}"
EndProject
Global
	GlobalSection(SolutionConfigurationPlatforms) = preSolution
		Debug|Any CPU = Debug|Any CPU
		Release|Any CPU = Release|Any CPU
	EndGlobalSection
	GlobalSection(ProjectConfigurationPlatforms) = postSolution
		{11857622-84CB-4151-A4F0-8B55D948C740}.Debug|Any CPU.ActiveCfg = Debug|Any CPU
		{11857622-84CB-4151-A4F0-8B55D948C740}.Debug|Any CPU.Build.0 = Debug|Any CPU
		{11857622-84CB-4151-A4F0-8B55D948C740}.Release|Any CPU.ActiveCfg = Release|Any CPU
		{11857622-84CB-4151-A4F0-8B55D948C740}.Release|Any CPU.Build.0 = Release|Any CPU
	EndGlobalSection
	GlobalSection(SolutionProperties) = preSolution
		HideSolutionNode = FALSE
	EndGlobalSection
	GlobalSection(ExtensibilityGlobals) = postSolution
		SolutionGuid = {AF2FAA51-DAD5-416D-909F-247C4176E8E0}
	EndGlobalSection
EndGlobal
